# This is a Gradle generated file for dependency locking.
# Manual edits can break the build and are not advised.
# This file is expected to be part of source control.
io.netty:netty-buffer:4.1.45.Final
io.netty:netty-common:4.1.45.Final
io.projectreactor:reactor-core:3.3.1.RELEASE
io.projectreactor:reactor-test:3.3.1.RELEASE
org.apiguardian:apiguardian-api:1.1.0
org.assertj:assertj-core:3.14.0
org.hdrhistogram:HdrHistogram:2.1.12
org.junit.jupiter:junit-jupiter-api:5.5.2
org.junit.platform:junit-platform-commons:1.5.2
org.opentest4j:opentest4j:1.2.0
org.reactivestreams:reactive-streams:1.0.3
org.slf4j:slf4j-api:1.7.30
